
Microsoft Visual Studio Solution File, Format Version 12.00
# Visual Studio Version 17
VisualStudioVersion = 17.9.34622.214
MinimumVisualStudioVersion = 10.0.40219.1

Project("{8BC9CEB8-8B4A-11D0-8D11-00A0C91BC942}") = "Sandbox", "Sandbox\Sandbox.vcxproj", "{1F98EBF2-A9B8-4D88-A7A4-C8E7F0B39E25}"
EndProject
Project("{8BC9CEB8-8B4A-11D0-8D11-00A0C91BC942}") = "RealEngine", "RealEngine\RealEngine.vcxproj", "{66FEFE3F-10D8-4BEF-935B-DC63702D6559}"
EndProject

Global
	GlobalSection(SolutionConfigurationPlatforms) = preSolution
		Debug|x64 = Debug|x64
		Release|x64 = Release|x64
	EndGlobalSection
	GlobalSection(ProjectConfigurationPlatforms) = postSolution
		{66FEFE3F-10D8-4BEF-935B-DC63702D6559}.Debug|x64.ActiveCfg = Debug|x64
		{66FEFE3F-10D8-4BEF-935B-DC63702D6559}.Debug|x64.Build.0 = Debug|x64
		{66FEFE3F-10D8-4BEF-935B-DC63702D6559}.Release|x64.ActiveCfg = Release|x64
		{66FEFE3F-10D8-4BEF-935B-DC63702D6559}.Release|x64.Build.0 = Release|x64
		{1F98EBF2-A9B8-4D88-A7A4-C8E7F0B39E25}.Debug|x64.ActiveCfg = Debug|x64
		{1F98EBF2-A9B8-4D88-A7A4-C8E7F0B39E25}.Debug|x64.Build.0 = Debug|x64
		{1F98EBF2-A9B8-4D88-A7A4-C8E7F0B39E25}.Release|x64.ActiveCfg = Release|x64
		{1F98EBF2-A9B8-4D88-A7A4-C8E7F0B39E25}.Release|x64.Build.0 = Release|x64
	EndGlobalSection
	GlobalSection(SolutionProperties) = preSolution
		HideSolutionNode = FALSE
	EndGlobalSection
	GlobalSection(ExtensibilityGlobals) = postSolution
		SolutionGuid = {2544557B-A6D1-4E0A-9DCB-36FDDC3A2F59}
	EndGlobalSection
EndGlobal
